// !$*UTF8*$!
{
	archiveVersion = 1;
	classes = {
	};
	objectVersion = 55;
	objects = {

/* Begin PBXBuildFile section */
		B716ECC228AFCC82009BB3AB /* PitchPerfectApp.swift in Sources */ = {isa = PBXBuildFile; fileRef = B716ECC128AFCC82009BB3AB /* PitchPerfectApp.swift */; };
		B716ECC428AFCC82009BB3AB /* MainScreen.swift in Sources */ = {isa = PBXBuildFile; fileRef = B716ECC328AFCC82009BB3AB /* MainScreen.swift */; };
		B716ECC628AFCC84009BB3AB /* Assets.xcassets in Resources */ = {isa = PBXBuildFile; fileRef = B716ECC528AFCC84009BB3AB /* Assets.xcassets */; };
		B716ECC928AFCC84009BB3AB /* Preview Assets.xcassets in Resources */ = {isa = PBXBuildFile; fileRef = B716ECC828AFCC84009BB3AB /* Preview Assets.xcassets */; };
		B716ECD028AFD713009BB3AB /* PlayBackScreen.swift in Sources */ = {isa = PBXBuildFile; fileRef = B716ECCF28AFD712009BB3AB /* PlayBackScreen.swift */; };
		B716ECD628B051D1009BB3AB /* AudioViewModel.swift in Sources */ = {isa = PBXBuildFile; fileRef = B716ECD528B051D1009BB3AB /* AudioViewModel.swift */; };
		B716ECDA28B1BBFE009BB3AB /* SoundEffect.swift in Sources */ = {isa = PBXBuildFile; fileRef = B716ECD928B1BBFE009BB3AB /* SoundEffect.swift */; };
		B716ECDD28B1BF7F009BB3AB /* RecordingState.swift in Sources */ = {isa = PBXBuildFile; fileRef = B716ECDC28B1BF7F009BB3AB /* RecordingState.swift */; };
		B716ECDF28B1BF9F009BB3AB /* PlayingState.swift in Sources */ = {isa = PBXBuildFile; fileRef = B716ECDE28B1BF9F009BB3AB /* PlayingState.swift */; };
		B716ECE228B1D1DE009BB3AB /* Constants.swift in Sources */ = {isa = PBXBuildFile; fileRef = B716ECE128B1D1DE009BB3AB /* Constants.swift */; };
		B716ECE528B2D3AD009BB3AB /* ButtonRowView.swift in Sources */ = {isa = PBXBuildFile; fileRef = B716ECE428B2D3AD009BB3AB /* ButtonRowView.swift */; };
/* End PBXBuildFile section */

/* Begin PBXFileReference section */
		B716ECBE28AFCC82009BB3AB /* PitchPerfect.app */ = {isa = PBXFileReference; explicitFileType = wrapper.application; includeInIndex = 0; path = PitchPerfect.app; sourceTree = BUILT_PRODUCTS_DIR; };
		B716ECC128AFCC82009BB3AB /* PitchPerfectApp.swift */ = {isa = PBXFileReference; lastKnownFileType = sourcecode.swift; path = PitchPerfectApp.swift; sourceTree = "<group>"; };
		B716ECC328AFCC82009BB3AB /* MainScreen.swift */ = {isa = PBXFileReference; lastKnownFileType = sourcecode.swift; path = MainScreen.swift; sourceTree = "<group>"; };
		B716ECC528AFCC84009BB3AB /* Assets.xcassets */ = {isa = PBXFileReference; lastKnownFileType = folder.assetcatalog; path = Assets.xcassets; sourceTree = "<group>"; };
		B716ECC828AFCC84009BB3AB /* Preview Assets.xcassets */ = {isa = PBXFileReference; lastKnownFileType = folder.assetcatalog; path = "Preview Assets.xcassets"; sourceTree = "<group>"; };
		B716ECCF28AFD712009BB3AB /* PlayBackScreen.swift */ = {isa = PBXFileReference; lastKnownFileType = sourcecode.swift; path = PlayBackScreen.swift; sourceTree = "<group>"; };
		B716ECD528B051D1009BB3AB /* AudioViewModel.swift */ = {isa = PBXFileReference; lastKnownFileType = sourcecode.swift; path = AudioViewModel.swift; sourceTree = "<group>"; };
		B716ECD928B1BBFE009BB3AB /* SoundEffect.swift */ = {isa = PBXFileReference; lastKnownFileType = sourcecode.swift; path = SoundEffect.swift; sourceTree = "<group>"; };
		B716ECDC28B1BF7F009BB3AB /* RecordingState.swift */ = {isa = PBXFileReference; lastKnownFileType = sourcecode.swift; path = RecordingState.swift; sourceTree = "<group>"; };
		B716ECDE28B1BF9F009BB3AB /* PlayingState.swift */ = {isa = PBXFileReference; lastKnownFileType = sourcecode.swift; path = PlayingState.swift; sourceTree = "<group>"; };
		B716ECE128B1D1DE009BB3AB /* Constants.swift */ = {isa = PBXFileReference; lastKnownFileType = sourcecode.swift; path = Constants.swift; sourceTree = "<group>"; };
		B716ECE428B2D3AD009BB3AB /* ButtonRowView.swift */ = {isa = PBXFileReference; lastKnownFileType = sourcecode.swift; path = ButtonRowView.swift; sourceTree = "<group>"; };
/* End PBXFileReference section */

/* Begin PBXFrameworksBuildPhase section */
		B716ECBB28AFCC82009BB3AB /* Frameworks */ = {
			isa = PBXFrameworksBuildPhase;
			buildActionMask = 2147483647;
			files = (
			);
			runOnlyForDeploymentPostprocessing = 0;
		};
/* End PBXFrameworksBuildPhase section */

/* Begin PBXGroup section */
		B716ECB528AFCC82009BB3AB = {
			isa = PBXGroup;
			children = (
				B716ECC028AFCC82009BB3AB /* PitchPerfect */,
				B716ECBF28AFCC82009BB3AB /* Products */,
			);
			sourceTree = "<group>";
		};
		B716ECBF28AFCC82009BB3AB /* Products */ = {
			isa = PBXGroup;
			children = (
				B716ECBE28AFCC82009BB3AB /* PitchPerfect.app */,
			);
			name = Products;
			sourceTree = "<group>";
		};
		B716ECC028AFCC82009BB3AB /* PitchPerfect */ = {
			isa = PBXGroup;
			children = (
				B716ECC128AFCC82009BB3AB /* PitchPerfectApp.swift */,
				B716ECD328B03B8B009BB3AB /* Models */,
				B716ECD428B04216009BB3AB /* Views */,
				B716ECE328B2D381009BB3AB /* Subviews */,
				B716ECE028B1D1D2009BB3AB /* Utils */,
				B716ECC528AFCC84009BB3AB /* Assets.xcassets */,
				B716ECC728AFCC84009BB3AB /* Preview Content */,
			);
			path = PitchPerfect;
			sourceTree = "<group>";
		};
		B716ECC728AFCC84009BB3AB /* Preview Content */ = {
			isa = PBXGroup;
			children = (
				B716ECC828AFCC84009BB3AB /* Preview Assets.xcassets */,
			);
			path = "Preview Content";
			sourceTree = "<group>";
		};
		B716ECD328B03B8B009BB3AB /* Models */ = {
			isa = PBXGroup;
			children = (
				B716ECD528B051D1009BB3AB /* AudioViewModel.swift */,
				B716ECD928B1BBFE009BB3AB /* SoundEffect.swift */,
				B716ECDB28B1BF63009BB3AB /* Enums */,
			);
			path = Models;
			sourceTree = "<group>";
		};
		B716ECD428B04216009BB3AB /* Views */ = {
			isa = PBXGroup;
			children = (
				B716ECC328AFCC82009BB3AB /* MainScreen.swift */,
				B716ECCF28AFD712009BB3AB /* PlayBackScreen.swift */,
			);
			path = Views;
			sourceTree = "<group>";
		};
		B716ECDB28B1BF63009BB3AB /* Enums */ = {
			isa = PBXGroup;
			children = (
				B716ECDC28B1BF7F009BB3AB /* RecordingState.swift */,
				B716ECDE28B1BF9F009BB3AB /* PlayingState.swift */,
			);
			path = Enums;
			sourceTree = "<group>";
		};
		B716ECE028B1D1D2009BB3AB /* Utils */ = {
			isa = PBXGroup;
			children = (
				B716ECE128B1D1DE009BB3AB /* Constants.swift */,
			);
			path = Utils;
			sourceTree = "<group>";
		};
		B716ECE328B2D381009BB3AB /* Subviews */ = {
			isa = PBXGroup;
			children = (
				B716ECE428B2D3AD009BB3AB /* ButtonRowView.swift */,
			);
			path = Subviews;
			sourceTree = "<group>";
		};
/* End PBXGroup section */

/* Begin PBXNativeTarget section */
		B716ECBD28AFCC82009BB3AB /* PitchPerfect */ = {
			isa = PBXNativeTarget;
			buildConfigurationList = B716ECCC28AFCC84009BB3AB /* Build configuration list for PBXNativeTarget "PitchPerfect" */;
			buildPhases = (
				B716ECBA28AFCC82009BB3AB /* Sources */,
				B716ECBB28AFCC82009BB3AB /* Frameworks */,
				B716ECBC28AFCC82009BB3AB /* Resources */,
			);
			buildRules = (
			);
			dependencies = (
			);
			name = PitchPerfect;
			productName = PitchPerfect;
			productReference = B716ECBE28AFCC82009BB3AB /* PitchPerfect.app */;
			productType = "com.apple.product-type.application";
		};
/* End PBXNativeTarget section */

/* Begin PBXProject section */
		B716ECB628AFCC82009BB3AB /* Project object */ = {
			isa = PBXProject;
			attributes = {
				BuildIndependentTargetsInParallel = 1;
				LastSwiftUpdateCheck = 1340;
				LastUpgradeCheck = 1340;
				TargetAttributes = {
					B716ECBD28AFCC82009BB3AB = {
						CreatedOnToolsVersion = 13.4.1;
					};
				};
			};
			buildConfigurationList = B716ECB928AFCC82009BB3AB /* Build configuration list for PBXProject "PitchPerfect" */;
			compatibilityVersion = "Xcode 13.0";
			developmentRegion = en;
			hasScannedForEncodings = 0;
			knownRegions = (
				en,
				Base,
			);
			mainGroup = B716ECB528AFCC82009BB3AB;
			productRefGroup = B716ECBF28AFCC82009BB3AB /* Products */;
			projectDirPath = "";
			projectRoot = "";
			targets = (
				B716ECBD28AFCC82009BB3AB /* PitchPerfect */,
			);
		};
/* End PBXProject section */

/* Begin PBXResourcesBuildPhase section */
		B716ECBC28AFCC82009BB3AB /* Resources */ = {
			isa = PBXResourcesBuildPhase;
			buildActionMask = 2147483647;
			files = (
				B716ECC928AFCC84009BB3AB /* Preview Assets.xcassets in Resources */,
				B716ECC628AFCC84009BB3AB /* Assets.xcassets in Resources */,
			);
			runOnlyForDeploymentPostprocessing = 0;
		};
/* End PBXResourcesBuildPhase section */

/* Begin PBXSourcesBuildPhase section */
		B716ECBA28AFCC82009BB3AB /* Sources */ = {
			isa = PBXSourcesBuildPhase;
			buildActionMask = 2147483647;
			files = (
				B716ECD028AFD713009BB3AB /* PlayBackScreen.swift in Sources */,
				B716ECDF28B1BF9F009BB3AB /* PlayingState.swift in Sources */,
				B716ECDA28B1BBFE009BB3AB /* SoundEffect.swift in Sources */,
				B716ECD628B051D1009BB3AB /* AudioViewModel.swift in Sources */,
				B716ECC428AFCC82009BB3AB /* MainScreen.swift in Sources */,
				B716ECE528B2D3AD009BB3AB /* ButtonRowView.swift in Sources */,
				B716ECDD28B1BF7F009BB3AB /* RecordingState.swift in Sources */,
				B716ECC228AFCC82009BB3AB /* PitchPerfectApp.swift in Sources */,
				B716ECE228B1D1DE009BB3AB /* Constants.swift in Sources */,
			);
			runOnlyForDeploymentPostprocessing = 0;
		};
/* End PBXSourcesBuildPhase section */

/* Begin XCBuildConfiguration section */
		B716ECCA28AFCC84009BB3AB /* Debug */ = {
			isa = XCBuildConfiguration;
			buildSettings = {
				ALWAYS_SEARCH_USER_PATHS = NO;
				CLANG_ANALYZER_NONNULL = YES;
				CLANG_ANALYZER_NUMBER_OBJECT_CONVERSION = YES_AGGRESSIVE;
				CLANG_CXX_LANGUAGE_STANDARD = "gnu++17";
				CLANG_ENABLE_MODULES = YES;
				CLANG_ENABLE_OBJC_ARC = YES;
				CLANG_ENABLE_OBJC_WEAK = YES;
				CLANG_WARN_BLOCK_CAPTURE_AUTORELEASING = YES;
				CLANG_WARN_BOOL_CONVERSION = YES;
				CLANG_WARN_COMMA = YES;
				CLANG_WARN_CONSTANT_CONVERSION = YES;
				CLANG_WARN_DEPRECATED_OBJC_IMPLEMENTATIONS = YES;
				CLANG_WARN_DIRECT_OBJC_ISA_USAGE = YES_ERROR;
				CLANG_WARN_DOCUMENTATION_COMMENTS = YES;
				CLANG_WARN_EMPTY_BODY = YES;
				CLANG_WARN_ENUM_CONVERSION = YES;
				CLANG_WARN_INFINITE_RECURSION = YES;
				CLANG_WARN_INT_CONVERSION = YES;
				CLANG_WARN_NON_LITERAL_NULL_CONVERSION = YES;
				CLANG_WARN_OBJC_IMPLICIT_RETAIN_SELF = YES;
				CLANG_WARN_OBJC_LITERAL_CONVERSION = YES;
				CLANG_WARN_OBJC_ROOT_CLASS = YES_ERROR;
				CLANG_WARN_QUOTED_INCLUDE_IN_FRAMEWORK_HEADER = YES;
				CLANG_WARN_RANGE_LOOP_ANALYSIS = YES;
				CLANG_WARN_STRICT_PROTOTYPES = YES;
				CLANG_WARN_SUSPICIOUS_MOVE = YES;
				CLANG_WARN_UNGUARDED_AVAILABILITY = YES_AGGRESSIVE;
				CLANG_WARN_UNREACHABLE_CODE = YES;
				CLANG_WARN__DUPLICATE_METHOD_MATCH = YES;
				COPY_PHASE_STRIP = NO;
				DEBUG_INFORMATION_FORMAT = dwarf;
				ENABLE_STRICT_OBJC_MSGSEND = YES;
				ENABLE_TESTABILITY = YES;
				GCC_C_LANGUAGE_STANDARD = gnu11;
				GCC_DYNAMIC_NO_PIC = NO;
				GCC_NO_COMMON_BLOCKS = YES;
				GCC_OPTIMIZATION_LEVEL = 0;
				GCC_PREPROCESSOR_DEFINITIONS = (
					"DEBUG=1",
					"$(inherited)",
				);
				GCC_WARN_64_TO_32_BIT_CONVERSION = YES;
				GCC_WARN_ABOUT_RETURN_TYPE = YES_ERROR;
				GCC_WARN_UNDECLARED_SELECTOR = YES;
				GCC_WARN_UNINITIALIZED_AUTOS = YES_AGGRESSIVE;
				GCC_WARN_UNUSED_FUNCTION = YES;
				GCC_WARN_UNUSED_VARIABLE = YES;
				IPHONEOS_DEPLOYMENT_TARGET = 15.5;
				MTL_ENABLE_DEBUG_INFO = INCLUDE_SOURCE;
				MTL_FAST_MATH = YES;
				ONLY_ACTIVE_ARCH = YES;
				SDKROOT = iphoneos;
				SWIFT_ACTIVE_COMPILATION_CONDITIONS = DEBUG;
				SWIFT_OPTIMIZATION_LEVEL = "-Onone";
			};
			name = Debug;
		};
		B716ECCB28AFCC84009BB3AB /* Release */ = {
			isa = XCBuildConfiguration;
			buildSettings = {
				ALWAYS_SEARCH_USER_PATHS = NO;
				CLANG_ANALYZER_NONNULL = YES;
				CLANG_ANALYZER_NUMBER_OBJECT_CONVERSION = YES_AGGRESSIVE;
				CLANG_CXX_LANGUAGE_STANDARD = "gnu++17";
				CLANG_ENABLE_MODULES = YES;
				CLANG_ENABLE_OBJC_ARC = YES;
				CLANG_ENABLE_OBJC_WEAK = YES;
				CLANG_WARN_BLOCK_CAPTURE_AUTORELEASING = YES;
				CLANG_WARN_BOOL_CONVERSION = YES;
				CLANG_WARN_COMMA = YES;
				CLANG_WARN_CONSTANT_CONVERSION = YES;
				CLANG_WARN_DEPRECATED_OBJC_IMPLEMENTATIONS = YES;
				CLANG_WARN_DIRECT_OBJC_ISA_USAGE = YES_ERROR;
				CLANG_WARN_DOCUMENTATION_COMMENTS = YES;
				CLANG_WARN_EMPTY_BODY = YES;
				CLANG_WARN_ENUM_CONVERSION = YES;
				CLANG_WARN_INFINITE_RECURSION = YES;
				CLANG_WARN_INT_CONVERSION = YES;
				CLANG_WARN_NON_LITERAL_NULL_CONVERSION = YES;
				CLANG_WARN_OBJC_IMPLICIT_RETAIN_SELF = YES;
				CLANG_WARN_OBJC_LITERAL_CONVERSION = YES;
				CLANG_WARN_OBJC_ROOT_CLASS = YES_ERROR;
				CLANG_WARN_QUOTED_INCLUDE_IN_FRAMEWORK_HEADER = YES;
				CLANG_WARN_RANGE_LOOP_ANALYSIS = YES;
				CLANG_WARN_STRICT_PROTOTYPES = YES;
				CLANG_WARN_SUSPICIOUS_MOVE = YES;
				CLANG_WARN_UNGUARDED_AVAILABILITY = YES_AGGRESSIVE;
				CLANG_WARN_UNREACHABLE_CODE = YES;
				CLANG_WARN__DUPLICATE_METHOD_MATCH = YES;
				COPY_PHASE_STRIP = NO;
				DEBUG_INFORMATION_FORMAT = "dwarf-with-dsym";
				ENABLE_NS_ASSERTIONS = NO;
				ENABLE_STRICT_OBJC_MSGSEND = YES;
				GCC_C_LANGUAGE_STANDARD = gnu11;
				GCC_NO_COMMON_BLOCKS = YES;
				GCC_WARN_64_TO_32_BIT_CONVERSION = YES;
				GCC_WARN_ABOUT_RETURN_TYPE = YES_ERROR;
				GCC_WARN_UNDECLARED_SELECTOR = YES;
				GCC_WARN_UNINITIALIZED_AUTOS = YES_AGGRESSIVE;
				GCC_WARN_UNUSED_FUNCTION = YES;
				GCC_WARN_UNUSED_VARIABLE = YES;
				IPHONEOS_DEPLOYMENT_TARGET = 15.5;
				MTL_ENABLE_DEBUG_INFO = NO;
				MTL_FAST_MATH = YES;
				SDKROOT = iphoneos;
				SWIFT_COMPILATION_MODE = wholemodule;
				SWIFT_OPTIMIZATION_LEVEL = "-O";
				VALIDATE_PRODUCT = YES;
			};
			name = Release;
		};
		B716ECCD28AFCC84009BB3AB /* Debug */ = {
			isa = XCBuildConfiguration;
			buildSettings = {
				ASSETCATALOG_COMPILER_APPICON_NAME = AppIcon;
				ASSETCATALOG_COMPILER_GLOBAL_ACCENT_COLOR_NAME = AccentColor;
				CODE_SIGN_STYLE = Automatic;
				CURRENT_PROJECT_VERSION = 1;
				DEVELOPMENT_ASSET_PATHS = "\"PitchPerfect/Preview Content\"";
				DEVELOPMENT_TEAM = 9XZH24N38H;
				ENABLE_PREVIEWS = YES;
				GENERATE_INFOPLIST_FILE = YES;
				INFOPLIST_KEY_NSMicrophoneUsageDescription = "We need access to your microphone to conduct recording sessions";
				INFOPLIST_KEY_UIApplicationSceneManifest_Generation = YES;
				INFOPLIST_KEY_UIApplicationSupportsIndirectInputEvents = YES;
				INFOPLIST_KEY_UILaunchScreen_Generation = YES;
				INFOPLIST_KEY_UISupportedInterfaceOrientations_iPad = "UIInterfaceOrientationPortrait UIInterfaceOrientationPortraitUpsideDown UIInterfaceOrientationLandscapeLeft UIInterfaceOrientationLandscapeRight";
				INFOPLIST_KEY_UISupportedInterfaceOrientations_iPhone = "UIInterfaceOrientationPortrait UIInterfaceOrientationLandscapeLeft UIInterfaceOrientationLandscapeRight";
				LD_RUNPATH_SEARCH_PATHS = (
					"$(inherited)",
					"@executable_path/Frameworks",
				);
				MARKETING_VERSION = 1.0;
				PRODUCT_BUNDLE_IDENTIFIER = com.jween.PitchPerfect;
				PRODUCT_NAME = "$(TARGET_NAME)";
				SWIFT_EMIT_LOC_STRINGS = YES;
				SWIFT_VERSION = 5.0;
				TARGETED_DEVICE_FAMILY = "1,2";
			};
			name = Debug;
		};
		B716ECCE28AFCC84009BB3AB /* Release */ = {
			isa = XCBuildConfiguration;
			buildSettings = {
				ASSETCATALOG_COMPILER_APPICON_NAME = AppIcon;
				ASSETCATALOG_COMPILER_GLOBAL_ACCENT_COLOR_NAME = AccentColor;
				CODE_SIGN_STYLE = Automatic;
				CURRENT_PROJECT_VERSION = 1;
				DEVELOPMENT_ASSET_PATHS = "\"PitchPerfect/Preview Content\"";
				DEVELOPMENT_TEAM = 9XZH24N38H;
				ENABLE_PREVIEWS = YES;
				GENERATE_INFOPLIST_FILE = YES;
				INFOPLIST_KEY_NSMicrophoneUsageDescription = "We need access to your microphone to conduct recording sessions";
				INFOPLIST_KEY_UIApplicationSceneManifest_Generation = YES;
				INFOPLIST_KEY_UIApplicationSupportsIndirectInputEvents = YES;
				INFOPLIST_KEY_UILaunchScreen_Generation = YES;
				INFOPLIST_KEY_UISupportedInterfaceOrientations_iPad = "UIInterfaceOrientationPortrait UIInterfaceOrientationPortraitUpsideDown UIInterfaceOrientationLandscapeLeft UIInterfaceOrientationLandscapeRight";
				INFOPLIST_KEY_UISupportedInterfaceOrientations_iPhone = "UIInterfaceOrientationPortrait UIInterfaceOrientationLandscapeLeft UIInterfaceOrientationLandscapeRight";
				LD_RUNPATH_SEARCH_PATHS = (
					"$(inherited)",
					"@executable_path/Frameworks",
				);
				MARKETING_VERSION = 1.0;
				PRODUCT_BUNDLE_IDENTIFIER = com.jween.PitchPerfect;
				PRODUCT_NAME = "$(TARGET_NAME)";
				SWIFT_EMIT_LOC_STRINGS = YES;
				SWIFT_VERSION = 5.0;
				TARGETED_DEVICE_FAMILY = "1,2";
			};
			name = Release;
		};
/* End XCBuildConfiguration section */

/* Begin XCConfigurationList section */
		B716ECB928AFCC82009BB3AB /* Build configuration list for PBXProject "PitchPerfect" */ = {
			isa = XCConfigurationList;
			buildConfigurations = (
				B716ECCA28AFCC84009BB3AB /* Debug */,
				B716ECCB28AFCC84009BB3AB /* Release */,
			);
			defaultConfigurationIsVisible = 0;
			defaultConfigurationName = Release;
		};
		B716ECCC28AFCC84009BB3AB /* Build configuration list for PBXNativeTarget "PitchPerfect" */ = {
			isa = XCConfigurationList;
			buildConfigurations = (
				B716ECCD28AFCC84009BB3AB /* Debug */,
				B716ECCE28AFCC84009BB3AB /* Release */,
			);
			defaultConfigurationIsVisible = 0;
			defaultConfigurationName = Release;
		};
/* End XCConfigurationList section */
	};
	rootObject = B716ECB628AFCC82009BB3AB /* Project object */;
}
